github.com/DATA-DOG/go-sqlmock v1.3.3/go.mod h1:f/Ixk793poVmq4qj/V1dPUg2JEAKC73Q5eFN3EC/SaM=
github.com/gdamore/encoding v1.0.0 h1:+7OoQ1Bc6eTm5niUzBa0Ctsh6JbMW6Ra+YNuAtDBdko=
github.com/gdamore/encoding v1.0.0/go.mod h1:alR0ol34c49FCSBLjhosxzcPHQbf2trDkoo5dl+VrEg=
github.com/gdamore/tcell v1.3.0 h1:r35w0JBADPZCVQijYebl6YMWWtHRqVEGt7kL2eBADRM=
github.com/gdamore/tcell v1.3.0/go.mod h1:Hjvr+Ofd+gLglo7RYKxxnzCBmev3BzsS67MebKS4zMM=
github.com/gorilla/websocket v1.4.1 h1:q7AeDBpnBk8AogcD4DSag/Ukw/KV+YhzLj2bP5HvKCM=
github.com/gorilla/websocket v1.4.1/go.mod h1:YR8l580nyteQvAITg2hZ9XVh4b55+EU/adAjf1fMHhE=
github.com/hugbubby/tchatlib v0.0.0-20191218053129-b46d10c5cef1 h1:/JTpkkeYa/IuYYzeW30WTn/E6h/1uVvfzp5jEwDm04A=
github.com/hugbubby/tchatlib v0.0.0-20191218053129-b46d10c5cef1/go.mod h1:cN5TWNYMZGb0SH1H5ldg20nhWqU6TrTv7E7KcwIpeUA=
github.com/hugbubby/tchatlib v0.0.0-20191218053612-47d7e16645f4 h1:EEi+Zl75hu/AgjxXcYf3XtRaCBY/CGKVL3+JkHLGVpo=
github.com/hugbubby/tchatlib v0.0.0-20191218053612-47d7e16645f4/go.mod h1:cN5TWNYMZGb0SH1H5ldg20nhWqU6TrTv7E7KcwIpeUA=
github.com/hugbubby/tchatlib v0.0.0-20191218203616-4467234253fa h1:Vb3D2+YUFchq1ZLBykDVAP9myFlgMWrLLTlwSS1GIE8=
github.com/hugbubby/tchatlib v0.0.0-20191218203616-4467234253fa/go.mod h1:1M3t4LU1vJlJxlA/Cg64SNrUX0QDhtKG4cF3Pw4q/XI=
github.com/hugbubby/tchatlib v0.0.0-20191218221930-2a82cd58d644 h1:JRr3VZWngKCML4mg88TMXde7TcwiCGR28W86fLxrds4=
github.com/hugbubby/tchatlib v0.0.0-20191218221930-2a82cd58d644/go.mod h1:1M3t4LU1vJlJxlA/Cg64SNrUX0QDhtKG4cF3Pw4q/XI=
github.com/hugbubby/tchatlib v0.0.0-20191218222342-b023f7c66a53 h1:pNkZBY9C7hmoYccBX8Wa8ck1fLElJfKu0fKmi90+CGo=
github.com/hugbubby/tchatlib v0.0.0-20191218222342-b023f7c66a53/go.mod h1:1M3t4LU1vJlJxlA/Cg64SNrUX0QDhtKG4cF3Pw4q/XI=
github.com/hugbubby/torgo v0.0.0-20191217235436-7c8cc5c1b26c h1:IwDX9S2cBvSYWN1oBpxdrCLXOpr99JY1bk3SieIPlG4=
github.com/hugbubby/torgo v0.0.0-20191217235436-7c8cc5c1b26c/go.mod h1:BpuO1+Z8B3TQUwXd1UJAsO5VB1wQRXC1QzcoeE3cfCc=
github.com/hugbubby/torgo v0.0.0-20191218060054-da58347c4800 h1:8d+cBCk4QNneDfuYEASltk5FMg9FNlUqG6vaJ/ahiLw=
github.com/hugbubby/torgo v0.0.0-20191218060054-da58347c4800/go.mod h1:BpuO1+Z8B3TQUwXd1UJAsO5VB1wQRXC1QzcoeE3cfCc=
github.com/hugbubby/torgo v0.0.0-20191218062816-ea7b162246bc h1:5RnryItb0fOF/IMA3LZsvKqODbh7U873DOkyxSziZbM=
github.com/hugbubby/torgo v0.0.0-20191218062816-ea7b162246bc/go.mod h1:BpuO1+Z8B3TQUwXd1UJAsO5VB1wQRXC1QzcoeE3cfCc=
github.com/lucasb-eyer/go-colorful v1.0.2 h1:mCMFu6PgSozg9tDNMMK3g18oJBX7oYGrC09mS6CXfO4=
github.com/lucasb-eyer/go-colorful v1.0.2/go.mod h1:0MS4r+7BZKSJ5mw4/S5MPN+qHFF1fYclkSPilDOKW0s=
github.com/mattn/go-runewidth v0.0.4 h1:2BvfKmzob6Bmd4YsL0zygOqfdFnK7GR4QL06Do4/p7Y=
github.com/mattn/go-runewidth v0.0.4/go.mod h1:LwmH8dsx7+W8Uxz3IHJYH5QSwggIsqBzpuz5H//U1FU=
github.com/pkg/errors v0.8.1 h1:iURUrRGxPUNPdy5/HRSm+Yj6okJ6UtLINN0Q9M4+h3I=
github.com/pkg/errors v0.8.1/go.mod h1:bwawxfHBFNV+L2hUp1rHADufV3IMtnDRdf1r5NINEl0=
github.com/rivo/tview v0.0.0-20191129065140-82b05c9fb329 h1:MubHhHJ4mB0A5wMcc2am0/51RydztIDoumyOd0r0yBw=
github.com/rivo/tview v0.0.0-20191129065140-82b05c9fb329/go.mod h1:/rBeY22VG2QprWnEqG57IBC8biVu3i0DOIjRLc9I8H0=
github.com/rivo/uniseg v0.1.0 h1:+2KBaVoUmb9XzDsrx/Ct0W/EYOSFf/nWTauy++DprtY=
github.com/rivo/uniseg v0.1.0/go.mod h1:J6wj4VEh+S6ZtnVlnTBMWIodfgj8LQOQFoIToxlJtxc=
github.com/wybiral/torgo v0.0.0-20190413024533-a19a6c8a5048 h1:HQmSLHtGgSARs7VYzAID703qM/5m1il3X7f9AHfg/9c=
github.com/wybiral/torgo v0.0.0-20190413024533-a19a6c8a5048/go.mod h1:LAhGyZRjuXZ/+uO4tqc5QV26hkdIo+yGHPfX1aubR0M=
golang.org/x/crypto v0.0.0-20190308221718-c2843e01d9a2/go.mod h1:djNgcEr1/C05ACkg1iLfiJU5Ep61QUkGW8qpdssI0+w=
golang.org/x/crypto v0.0.0-20191206172530-e9b2fee46413 h1:ULYEB3JvPRE/IfO+9uO7vKV/xzVTO7XPAwm8xbf4w2g=
golang.org/x/crypto v0.0.0-20191206172530-e9b2fee46413/go.mod h1:LzIPMQfyMNhhGPhUkYOs5KpL4U8rLKemX1yGLhDgUto=
golang.org/x/net v0.0.0-20190404232315-eb5bcb51f2a3/go.mod h1:t9HGtf8HONx5eT2rtn7q6eTqICYqUVnKs3thJo3Qplg=
golang.org/x/net v0.0.0-20191209160850-c0dbc17a3553 h1:efeOvDhwQ29Dj3SdAV/MJf8oukgn+8D8WgaCaRMchF8=
golang.org/x/net v0.0.0-20191209160850-c0dbc17a3553/go.mod h1:z5CRVTTTmAJ677TzLLGU+0bjPO0LkuOLi4/5GtJWs/s=
golang.org/x/sys v0.0.0-20190215142949-d0b11bdaac8a/go.mod h1:STP8DvDyc/dI5b8T5hshtkjS+E42TnysNCUPdjciGhY=
golang.org/x/sys v0.0.0-20190412213103-97732733099d/go.mod h1:h1NjWce9XRLGQEsW7wpKNCjG9DtNlClVuFLEZdDNbEs=
golang.org/x/sys v0.0.0-20190626150813-e07cf5db2756 h1:9nuHUbU8dRnRRfj9KjWUVrJeoexdbeMjttk6Oh1rD10=
golang.org/x/sys v0.0.0-20190626150813-e07cf5db2756/go.mod h1:h1NjWce9XRLGQEsW7wpKNCjG9DtNlClVuFLEZdDNbEs=
golang.org/x/sys v0.0.0-20191018095205-727590c5006e h1:ZtoklVMHQy6BFRHkbG6JzK+S6rX82//Yeok1vMlizfQ=
golang.org/x/sys v0.0.0-20191018095205-727590c5006e/go.mod h1:h1NjWce9XRLGQEsW7wpKNCjG9DtNlClVuFLEZdDNbEs=
golang.org/x/text v0.3.0 h1:g61tztE5qeGQ89tm6NTjjM9VPIm088od1l6aSorWRWg=
golang.org/x/text v0.3.0/go.mod h1:NqM8EUOU14njkJ3fqMW+pc6Ldnwhi/IjpwHt7yyuwOQ=
golang.org/x/text v0.3.2 h1:tW2bmiBqwgJj/UpqtC8EpXEZVYOwU0yG4iWbprSVAcs=
golang.org/x/text v0.3.2/go.mod h1:bEr9sfX3Q8Zfm5fL9x+3itogRgK3+ptLWKqgva+5dAk=
golang.org/x/tools v0.0.0-20180917221912-90fa682c2a6e/go.mod h1:n7NCudcB/nEzxVGmLbDWY5pfWTLqBcC2KZ6jyYvM4mQ=
